// !$*UTF8*$!
{
	archiveVersion = 1;
	classes = {
	};
	objectVersion = 46;
	objects = {

/* Begin PBXBuildFile section */
		29901D4D1805528F00E51789 /* Foundation.framework in Frameworks */ = {isa = PBXBuildFile; fileRef = 29901D4C1805528F00E51789 /* Foundation.framework */; };
		29901D4F1805528F00E51789 /* CoreGraphics.framework in Frameworks */ = {isa = PBXBuildFile; fileRef = 29901D4E1805528F00E51789 /* CoreGraphics.framework */; };
		29901D511805528F00E51789 /* UIKit.framework in Frameworks */ = {isa = PBXBuildFile; fileRef = 29901D501805528F00E51789 /* UIKit.framework */; };
		29901D571805528F00E51789 /* InfoPlist.strings in Resources */ = {isa = PBXBuildFile; fileRef = 29901D551805528F00E51789 /* InfoPlist.strings */; };
		29901D591805528F00E51789 /* main.m in Sources */ = {isa = PBXBuildFile; fileRef = 29901D581805528F00E51789 /* main.m */; };
		29901D5D1805528F00E51789 /* ANAppDelegate.m in Sources */ = {isa = PBXBuildFile; fileRef = 29901D5C1805528F00E51789 /* ANAppDelegate.m */; };
		29901D601805528F00E51789 /* Main.storyboard in Resources */ = {isa = PBXBuildFile; fileRef = 29901D5E1805528F00E51789 /* Main.storyboard */; };
		29901D631805528F00E51789 /* ANViewController.m in Sources */ = {isa = PBXBuildFile; fileRef = 29901D621805528F00E51789 /* ANViewController.m */; };
		29901D651805528F00E51789 /* Images.xcassets in Resources */ = {isa = PBXBuildFile; fileRef = 29901D641805528F00E51789 /* Images.xcassets */; };
		29901D6C1805529000E51789 /* XCTest.framework in Frameworks */ = {isa = PBXBuildFile; fileRef = 29901D6B1805529000E51789 /* XCTest.framework */; };
		29901D6D1805529000E51789 /* Foundation.framework in Frameworks */ = {isa = PBXBuildFile; fileRef = 29901D4C1805528F00E51789 /* Foundation.framework */; };
		29901D6E1805529000E51789 /* UIKit.framework in Frameworks */ = {isa = PBXBuildFile; fileRef = 29901D501805528F00E51789 /* UIKit.framework */; };
		29901D761805529000E51789 /* InfoPlist.strings in Resources */ = {isa = PBXBuildFile; fileRef = 29901D741805529000E51789 /* InfoPlist.strings */; };
		29901D781805529000E51789 /* iPaperTests.m in Sources */ = {isa = PBXBuildFile; fileRef = 29901D771805529000E51789 /* iPaperTests.m */; };
		29901D831805538200E51789 /* showToolBarImage.png in Resources */ = {isa = PBXBuildFile; fileRef = 29901D811805538200E51789 /* showToolBarImage.png */; };
		29901D841805538200E51789 /* rssLogo.png in Resources */ = {isa = PBXBuildFile; fileRef = 29901D821805538200E51789 /* rssLogo.png */; };
		299AAA2E18056D6600D63A9B /* ANRssFeed.m in Sources */ = {isa = PBXBuildFile; fileRef = 299AAA2D18056D6600D63A9B /* ANRssFeed.m */; };
		29C6068E1806CA6700335ABF /* ANNewsPaperIIViewController.m in Sources */ = {isa = PBXBuildFile; fileRef = 29C6068D1806CA6700335ABF /* ANNewsPaperIIViewController.m */; };
		29C606901806D81D00335ABF /* newsPaper.png in Resources */ = {isa = PBXBuildFile; fileRef = 29C6068F1806D81D00335ABF /* newsPaper.png */; };
/* End PBXBuildFile section */

/* Begin PBXContainerItemProxy section */
		29901D6F1805529000E51789 /* PBXContainerItemProxy */ = {
			isa = PBXContainerItemProxy;
			containerPortal = 29901D411805528F00E51789 /* Project object */;
			proxyType = 1;
			remoteGlobalIDString = 29901D481805528F00E51789;
			remoteInfo = iPaper;
		};
/* End PBXContainerItemProxy section */

/* Begin PBXFileReference section */
		29901D491805528F00E51789 /* iPaper.app */ = {isa = PBXFileReference; explicitFileType = wrapper.application; includeInIndex = 0; path = iPaper.app; sourceTree = BUILT_PRODUCTS_DIR; };
		29901D4C1805528F00E51789 /* Foundation.framework */ = {isa = PBXFileReference; lastKnownFileType = wrapper.framework; name = Foundation.framework; path = System/Library/Frameworks/Foundation.framework; sourceTree = SDKROOT; };
		29901D4E1805528F00E51789 /* CoreGraphics.framework */ = {isa = PBXFileReference; lastKnownFileType = wrapper.framework; name = CoreGraphics.framework; path = System/Library/Frameworks/CoreGraphics.framework; sourceTree = SDKROOT; };
		29901D501805528F00E51789 /* UIKit.framework */ = {isa = PBXFileReference; lastKnownFileType = wrapper.framework; name = UIKit.framework; path = System/Library/Frameworks/UIKit.framework; sourceTree = SDKROOT; };
		29901D541805528F00E51789 /* iPaper-Info.plist */ = {isa = PBXFileReference; lastKnownFileType = text.plist.xml; path = "iPaper-Info.plist"; sourceTree = "<group>"; };
		29901D561805528F00E51789 /* en */ = {isa = PBXFileReference; lastKnownFileType = text.plist.strings; name = en; path = en.lproj/InfoPlist.strings; sourceTree = "<group>"; };
		29901D581805528F00E51789 /* main.m */ = {isa = PBXFileReference; lastKnownFileType = sourcecode.c.objc; path = main.m; sourceTree = "<group>"; };
		29901D5A1805528F00E51789 /* iPaper-Prefix.pch */ = {isa = PBXFileReference; lastKnownFileType = sourcecode.c.h; path = "iPaper-Prefix.pch"; sourceTree = "<group>"; };
		29901D5B1805528F00E51789 /* ANAppDelegate.h */ = {isa = PBXFileReference; lastKnownFileType = sourcecode.c.h; path = ANAppDelegate.h; sourceTree = "<group>"; };
		29901D5C1805528F00E51789 /* ANAppDelegate.m */ = {isa = PBXFileReference; lastKnownFileType = sourcecode.c.objc; path = ANAppDelegate.m; sourceTree = "<group>"; };
		29901D5F1805528F00E51789 /* Base */ = {isa = PBXFileReference; lastKnownFileType = file.storyboard; name = Base; path = Base.lproj/Main.storyboard; sourceTree = "<group>"; };
		29901D611805528F00E51789 /* ANViewController.h */ = {isa = PBXFileReference; lastKnownFileType = sourcecode.c.h; path = ANViewController.h; sourceTree = "<group>"; };
		29901D621805528F00E51789 /* ANViewController.m */ = {isa = PBXFileReference; lastKnownFileType = sourcecode.c.objc; path = ANViewController.m; sourceTree = "<group>"; };
		29901D641805528F00E51789 /* Images.xcassets */ = {isa = PBXFileReference; lastKnownFileType = folder.assetcatalog; path = Images.xcassets; sourceTree = "<group>"; };
		29901D6A1805529000E51789 /* iPaperTests.xctest */ = {isa = PBXFileReference; explicitFileType = wrapper.cfbundle; includeInIndex = 0; path = iPaperTests.xctest; sourceTree = BUILT_PRODUCTS_DIR; };
		29901D6B1805529000E51789 /* XCTest.framework */ = {isa = PBXFileReference; lastKnownFileType = wrapper.framework; name = XCTest.framework; path = Library/Frameworks/XCTest.framework; sourceTree = DEVELOPER_DIR; };
		29901D731805529000E51789 /* iPaperTests-Info.plist */ = {isa = PBXFileReference; lastKnownFileType = text.plist.xml; path = "iPaperTests-Info.plist"; sourceTree = "<group>"; };
		29901D751805529000E51789 /* en */ = {isa = PBXFileReference; lastKnownFileType = text.plist.strings; name = en; path = en.lproj/InfoPlist.strings; sourceTree = "<group>"; };
		29901D771805529000E51789 /* iPaperTests.m */ = {isa = PBXFileReference; lastKnownFileType = sourcecode.c.objc; path = iPaperTests.m; sourceTree = "<group>"; };
		29901D811805538200E51789 /* showToolBarImage.png */ = {isa = PBXFileReference; lastKnownFileType = image.png; path = showToolBarImage.png; sourceTree = "<group>"; };
		29901D821805538200E51789 /* rssLogo.png */ = {isa = PBXFileReference; lastKnownFileType = image.png; path = rssLogo.png; sourceTree = "<group>"; };
		299AAA2C18056D6600D63A9B /* ANRssFeed.h */ = {isa = PBXFileReference; fileEncoding = 4; lastKnownFileType = sourcecode.c.h; path = ANRssFeed.h; sourceTree = "<group>"; };
		299AAA2D18056D6600D63A9B /* ANRssFeed.m */ = {isa = PBXFileReference; fileEncoding = 4; lastKnownFileType = sourcecode.c.objc; path = ANRssFeed.m; sourceTree = "<group>"; };
		29C6068C1806CA6700335ABF /* ANNewsPaperIIViewController.h */ = {isa = PBXFileReference; fileEncoding = 4; lastKnownFileType = sourcecode.c.h; path = ANNewsPaperIIViewController.h; sourceTree = "<group>"; };
		29C6068D1806CA6700335ABF /* ANNewsPaperIIViewController.m */ = {isa = PBXFileReference; fileEncoding = 4; lastKnownFileType = sourcecode.c.objc; path = ANNewsPaperIIViewController.m; sourceTree = "<group>"; };
		29C6068F1806D81D00335ABF /* newsPaper.png */ = {isa = PBXFileReference; lastKnownFileType = image.png; path = newsPaper.png; sourceTree = "<group>"; };
/* End PBXFileReference section */

/* Begin PBXFrameworksBuildPhase section */
		29901D461805528F00E51789 /* Frameworks */ = {
			isa = PBXFrameworksBuildPhase;
			buildActionMask = 2147483647;
			files = (
				29901D4F1805528F00E51789 /* CoreGraphics.framework in Frameworks */,
				29901D511805528F00E51789 /* UIKit.framework in Frameworks */,
				29901D4D1805528F00E51789 /* Foundation.framework in Frameworks */,
			);
			runOnlyForDeploymentPostprocessing = 0;
		};
		29901D671805529000E51789 /* Frameworks */ = {
			isa = PBXFrameworksBuildPhase;
			buildActionMask = 2147483647;
			files = (
				29901D6C1805529000E51789 /* XCTest.framework in Frameworks */,
				29901D6E1805529000E51789 /* UIKit.framework in Frameworks */,
				29901D6D1805529000E51789 /* Foundation.framework in Frameworks */,
			);
			runOnlyForDeploymentPostprocessing = 0;
		};
/* End PBXFrameworksBuildPhase section */

/* Begin PBXGroup section */
		29901D401805528F00E51789 = {
			isa = PBXGroup;
			children = (
				29901D521805528F00E51789 /* iPaper */,
				29901D711805529000E51789 /* iPaperTests */,
				29901D4B1805528F00E51789 /* Frameworks */,
				29901D4A1805528F00E51789 /* Products */,
			);
			sourceTree = "<group>";
		};
		29901D4A1805528F00E51789 /* Products */ = {
			isa = PBXGroup;
			children = (
				29901D491805528F00E51789 /* iPaper.app */,
				29901D6A1805529000E51789 /* iPaperTests.xctest */,
			);
			name = Products;
			sourceTree = "<group>";
		};
		29901D4B1805528F00E51789 /* Frameworks */ = {
			isa = PBXGroup;
			children = (
				29901D4C1805528F00E51789 /* Foundation.framework */,
				29901D4E1805528F00E51789 /* CoreGraphics.framework */,
				29901D501805528F00E51789 /* UIKit.framework */,
				29901D6B1805529000E51789 /* XCTest.framework */,
			);
			name = Frameworks;
			sourceTree = "<group>";
		};
		29901D521805528F00E51789 /* iPaper */ = {
			isa = PBXGroup;
			children = (
				29901D5B1805528F00E51789 /* ANAppDelegate.h */,
				29901D5C1805528F00E51789 /* ANAppDelegate.m */,
				29901D5E1805528F00E51789 /* Main.storyboard */,
				29901D611805528F00E51789 /* ANViewController.h */,
				29901D621805528F00E51789 /* ANViewController.m */,
				29C6068C1806CA6700335ABF /* ANNewsPaperIIViewController.h */,
				29C6068D1806CA6700335ABF /* ANNewsPaperIIViewController.m */,
				299AAA2C18056D6600D63A9B /* ANRssFeed.h */,
				299AAA2D18056D6600D63A9B /* ANRssFeed.m */,
				29901D641805528F00E51789 /* Images.xcassets */,
				29901D531805528F00E51789 /* Supporting Files */,
			);
			path = iPaper;
			sourceTree = "<group>";
		};
		29901D531805528F00E51789 /* Supporting Files */ = {
			isa = PBXGroup;
			children = (
				29C6068F1806D81D00335ABF /* newsPaper.png */,
				29901D811805538200E51789 /* showToolBarImage.png */,
				29901D821805538200E51789 /* rssLogo.png */,
				29901D541805528F00E51789 /* iPaper-Info.plist */,
				29901D551805528F00E51789 /* InfoPlist.strings */,
				29901D581805528F00E51789 /* main.m */,
				29901D5A1805528F00E51789 /* iPaper-Prefix.pch */,
			);
			name = "Supporting Files";
			sourceTree = "<group>";
		};
		29901D711805529000E51789 /* iPaperTests */ = {
			isa = PBXGroup;
			children = (
				29901D771805529000E51789 /* iPaperTests.m */,
				29901D721805529000E51789 /* Supporting Files */,
			);
			path = iPaperTests;
			sourceTree = "<group>";
		};
		29901D721805529000E51789 /* Supporting Files */ = {
			isa = PBXGroup;
			children = (
				29901D731805529000E51789 /* iPaperTests-Info.plist */,
				29901D741805529000E51789 /* InfoPlist.strings */,
			);
			name = "Supporting Files";
			sourceTree = "<group>";
		};
/* End PBXGroup section */

/* Begin PBXNativeTarget section */
		29901D481805528F00E51789 /* iPaper */ = {
			isa = PBXNativeTarget;
			buildConfigurationList = 29901D7B1805529000E51789 /* Build configuration list for PBXNativeTarget "iPaper" */;
			buildPhases = (
				29901D451805528F00E51789 /* Sources */,
				29901D461805528F00E51789 /* Frameworks */,
				29901D471805528F00E51789 /* Resources */,
			);
			buildRules = (
			);
			dependencies = (
			);
			name = iPaper;
			productName = iPaper;
			productReference = 29901D491805528F00E51789 /* iPaper.app */;
			productType = "com.apple.product-type.application";
		};
		29901D691805529000E51789 /* iPaperTests */ = {
			isa = PBXNativeTarget;
			buildConfigurationList = 29901D7E1805529000E51789 /* Build configuration list for PBXNativeTarget "iPaperTests" */;
			buildPhases = (
				29901D661805529000E51789 /* Sources */,
				29901D671805529000E51789 /* Frameworks */,
				29901D681805529000E51789 /* Resources */,
			);
			buildRules = (
			);
			dependencies = (
				29901D701805529000E51789 /* PBXTargetDependency */,
			);
			name = iPaperTests;
			productName = iPaperTests;
			productReference = 29901D6A1805529000E51789 /* iPaperTests.xctest */;
			productType = "com.apple.product-type.bundle.unit-test";
		};
/* End PBXNativeTarget section */

/* Begin PBXProject section */
		29901D411805528F00E51789 /* Project object */ = {
			isa = PBXProject;
			attributes = {
				CLASSPREFIX = AN;
				LastUpgradeCheck = 0500;
				ORGANIZATIONNAME = "Avinash Nehra";
				TargetAttributes = {
					29901D691805529000E51789 = {
						TestTargetID = 29901D481805528F00E51789;
					};
				};
			};
			buildConfigurationList = 29901D441805528F00E51789 /* Build configuration list for PBXProject "iPaper" */;
			compatibilityVersion = "Xcode 3.2";
			developmentRegion = English;
			hasScannedForEncodings = 0;
			knownRegions = (
				en,
				Base,
			);
			mainGroup = 29901D401805528F00E51789;
			productRefGroup = 29901D4A1805528F00E51789 /* Products */;
			projectDirPath = "";
			projectRoot = "";
			targets = (
				29901D481805528F00E51789 /* iPaper */,
				29901D691805529000E51789 /* iPaperTests */,
			);
		};
/* End PBXProject section */

/* Begin PBXResourcesBuildPhase section */
		29901D471805528F00E51789 /* Resources */ = {
			isa = PBXResourcesBuildPhase;
			buildActionMask = 2147483647;
			files = (
				29901D841805538200E51789 /* rssLogo.png in Resources */,
				29901D651805528F00E51789 /* Images.xcassets in Resources */,
				29901D831805538200E51789 /* showToolBarImage.png in Resources */,
				29901D571805528F00E51789 /* InfoPlist.strings in Resources */,
				29901D601805528F00E51789 /* Main.storyboard in Resources */,
				29C606901806D81D00335ABF /* newsPaper.png in Resources */,
			);
			runOnlyForDeploymentPostprocessing = 0;
		};
		29901D681805529000E51789 /* Resources */ = {
			isa = PBXResourcesBuildPhase;
			buildActionMask = 2147483647;
			files = (
				29901D761805529000E51789 /* InfoPlist.strings in Resources */,
			);
			runOnlyForDeploymentPostprocessing = 0;
		};
/* End PBXResourcesBuildPhase section */

/* Begin PBXSourcesBuildPhase section */
		29901D451805528F00E51789 /* Sources */ = {
			isa = PBXSourcesBuildPhase;
			buildActionMask = 2147483647;
			files = (
				29901D591805528F00E51789 /* main.m in Sources */,
				299AAA2E18056D6600D63A9B /* ANRssFeed.m in Sources */,
				29901D631805528F00E51789 /* ANViewController.m in Sources */,
				29901D5D1805528F00E51789 /* ANAppDelegate.m in Sources */,
				29C6068E1806CA6700335ABF /* ANNewsPaperIIViewController.m in Sources */,
			);
			runOnlyForDeploymentPostprocessing = 0;
		};
		29901D661805529000E51789 /* Sources */ = {
			isa = PBXSourcesBuildPhase;
			buildActionMask = 2147483647;
			files = (
				29901D781805529000E51789 /* iPaperTests.m in Sources */,
			);
			runOnlyForDeploymentPostprocessing = 0;
		};
/* End PBXSourcesBuildPhase section */

/* Begin PBXTargetDependency section */
		29901D701805529000E51789 /* PBXTargetDependency */ = {
			isa = PBXTargetDependency;
			target = 29901D481805528F00E51789 /* iPaper */;
			targetProxy = 29901D6F1805529000E51789 /* PBXContainerItemProxy */;
		};
/* End PBXTargetDependency section */

/* Begin PBXVariantGroup section */
		29901D551805528F00E51789 /* InfoPlist.strings */ = {
			isa = PBXVariantGroup;
			children = (
				29901D561805528F00E51789 /* en */,
			);
			name = InfoPlist.strings;
			sourceTree = "<group>";
		};
		29901D5E1805528F00E51789 /* Main.storyboard */ = {
			isa = PBXVariantGroup;
			children = (
				29901D5F1805528F00E51789 /* Base */,
			);
			name = Main.storyboard;
			sourceTree = "<group>";
		};
		29901D741805529000E51789 /* InfoPlist.strings */ = {
			isa = PBXVariantGroup;
			children = (
				29901D751805529000E51789 /* en */,
			);
			name = InfoPlist.strings;
			sourceTree = "<group>";
		};
/* End PBXVariantGroup section */

/* Begin XCBuildConfiguration section */
		29901D791805529000E51789 /* Debug */ = {
			isa = XCBuildConfiguration;
			buildSettings = {
				ALWAYS_SEARCH_USER_PATHS = NO;
				ARCHS = "$(ARCHS_STANDARD_INCLUDING_64_BIT)";
				CLANG_CXX_LANGUAGE_STANDARD = "gnu++0x";
				CLANG_CXX_LIBRARY = "libc++";
				CLANG_ENABLE_MODULES = YES;
				CLANG_ENABLE_OBJC_ARC = YES;
				CLANG_WARN_BOOL_CONVERSION = YES;
				CLANG_WARN_CONSTANT_CONVERSION = YES;
				CLANG_WARN_DIRECT_OBJC_ISA_USAGE = YES_ERROR;
				CLANG_WARN_EMPTY_BODY = YES;
				CLANG_WARN_ENUM_CONVERSION = YES;
				CLANG_WARN_INT_CONVERSION = YES;
				CLANG_WARN_OBJC_ROOT_CLASS = YES_ERROR;
				CLANG_WARN__DUPLICATE_METHOD_MATCH = YES;
				"CODE_SIGN_IDENTITY[sdk=iphoneos*]" = "iPhone Developer";
				COPY_PHASE_STRIP = NO;
				GCC_C_LANGUAGE_STANDARD = gnu99;
				GCC_DYNAMIC_NO_PIC = NO;
				GCC_OPTIMIZATION_LEVEL = 0;
				GCC_PREPROCESSOR_DEFINITIONS = (
					"DEBUG=1",
					"$(inherited)",
				);
				GCC_SYMBOLS_PRIVATE_EXTERN = NO;
				GCC_WARN_64_TO_32_BIT_CONVERSION = YES;
				GCC_WARN_ABOUT_RETURN_TYPE = YES_ERROR;
				GCC_WARN_UNDECLARED_SELECTOR = YES;
				GCC_WARN_UNINITIALIZED_AUTOS = YES;
				GCC_WARN_UNUSED_FUNCTION = YES;
				GCC_WARN_UNUSED_VARIABLE = YES;
				IPHONEOS_DEPLOYMENT_TARGET = 7.0;
				ONLY_ACTIVE_ARCH = YES;
				SDKROOT = iphoneos;
			};
			name = Debug;
		};
		29901D7A1805529000E51789 /* Release */ = {
			isa = XCBuildConfiguration;
			buildSettings = {
				ALWAYS_SEARCH_USER_PATHS = NO;
				ARCHS = "$(ARCHS_STANDARD_INCLUDING_64_BIT)";
				CLANG_CXX_LANGUAGE_STANDARD = "gnu++0x";
				CLANG_CXX_LIBRARY = "libc++";
				CLANG_ENABLE_MODULES = YES;
				CLANG_ENABLE_OBJC_ARC = YES;
				CLANG_WARN_BOOL_CONVERSION = YES;
				CLANG_WARN_CONSTANT_CONVERSION = YES;
				CLANG_WARN_DIRECT_OBJC_ISA_USAGE = YES_ERROR;
				CLANG_WARN_EMPTY_BODY = YES;
				CLANG_WARN_ENUM_CONVERSION = YES;
				CLANG_WARN_INT_CONVERSION = YES;
				CLANG_WARN_OBJC_ROOT_CLASS = YES_ERROR;
				CLANG_WARN__DUPLICATE_METHOD_MATCH = YES;
				"CODE_SIGN_IDENTITY[sdk=iphoneos*]" = "iPhone Developer";
				COPY_PHASE_STRIP = YES;
				ENABLE_NS_ASSERTIONS = NO;
				GCC_C_LANGUAGE_STANDARD = gnu99;
				GCC_WARN_64_TO_32_BIT_CONVERSION = YES;
				GCC_WARN_ABOUT_RETURN_TYPE = YES_ERROR;
				GCC_WARN_UNDECLARED_SELECTOR = YES;
				GCC_WARN_UNINITIALIZED_AUTOS = YES;
				GCC_WARN_UNUSED_FUNCTION = YES;
				GCC_WARN_UNUSED_VARIABLE = YES;
				IPHONEOS_DEPLOYMENT_TARGET = 7.0;
				SDKROOT = iphoneos;
				VALIDATE_PRODUCT = YES;
			};
			name = Release;
		};
		29901D7C1805529000E51789 /* Debug */ = {
			isa = XCBuildConfiguration;
			buildSettings = {
				ASSETCATALOG_COMPILER_APPICON_NAME = AppIcon;
				ASSETCATALOG_COMPILER_LAUNCHIMAGE_NAME = LaunchImage;
				GCC_PRECOMPILE_PREFIX_HEADER = YES;
				GCC_PREFIX_HEADER = "iPaper/iPaper-Prefix.pch";
				INFOPLIST_FILE = "iPaper/iPaper-Info.plist";
				PRODUCT_NAME = "$(TARGET_NAME)";
				WRAPPER_EXTENSION = app;
			};
			name = Debug;
		};
		29901D7D1805529000E51789 /* Release */ = {
			isa = XCBuildConfiguration;
			buildSettings = {
				ASSETCATALOG_COMPILER_APPICON_NAME = AppIcon;
				ASSETCATALOG_COMPILER_LAUNCHIMAGE_NAME = LaunchImage;
				GCC_PRECOMPILE_PREFIX_HEADER = YES;
				GCC_PREFIX_HEADER = "iPaper/iPaper-Prefix.pch";
				INFOPLIST_FILE = "iPaper/iPaper-Info.plist";
				PRODUCT_NAME = "$(TARGET_NAME)";
				WRAPPER_EXTENSION = app;
			};
			name = Release;
		};
		29901D7F1805529000E51789 /* Debug */ = {
			isa = XCBuildConfiguration;
			buildSettings = {
				ARCHS = "$(ARCHS_STANDARD_INCLUDING_64_BIT)";
				BUNDLE_LOADER = "$(BUILT_PRODUCTS_DIR)/iPaper.app/iPaper";
				FRAMEWORK_SEARCH_PATHS = (
					"$(SDKROOT)/Developer/Library/Frameworks",
					"$(inherited)",
					"$(DEVELOPER_FRAMEWORKS_DIR)",
				);
				GCC_PRECOMPILE_PREFIX_HEADER = YES;
				GCC_PREFIX_HEADER = "iPaper/iPaper-Prefix.pch";
				GCC_PREPROCESSOR_DEFINITIONS = (
					"DEBUG=1",
					"$(inherited)",
				);
				INFOPLIST_FILE = "iPaperTests/iPaperTests-Info.plist";
				PRODUCT_NAME = "$(TARGET_NAME)";
				TEST_HOST = "$(BUNDLE_LOADER)";
				WRAPPER_EXTENSION = xctest;
			};
			name = Debug;
		};
		29901D801805529000E51789 /* Release */ = {
			isa = XCBuildConfiguration;
			buildSettings = {
				ARCHS = "$(ARCHS_STANDARD_INCLUDING_64_BIT)";
				BUNDLE_LOADER = "$(BUILT_PRODUCTS_DIR)/iPaper.app/iPaper";
				FRAMEWORK_SEARCH_PATHS = (
					"$(SDKROOT)/Developer/Library/Frameworks",
					"$(inherited)",
					"$(DEVELOPER_FRAMEWORKS_DIR)",
				);
				GCC_PRECOMPILE_PREFIX_HEADER = YES;
				GCC_PREFIX_HEADER = "iPaper/iPaper-Prefix.pch";
				INFOPLIST_FILE = "iPaperTests/iPaperTests-Info.plist";
				PRODUCT_NAME = "$(TARGET_NAME)";
				TEST_HOST = "$(BUNDLE_LOADER)";
				WRAPPER_EXTENSION = xctest;
			};
			name = Release;
		};
/* End XCBuildConfiguration section */

/* Begin XCConfigurationList section */
		29901D441805528F00E51789 /* Build configuration list for PBXProject "iPaper" */ = {
			isa = XCConfigurationList;
			buildConfigurations = (
				29901D791805529000E51789 /* Debug */,
				29901D7A1805529000E51789 /* Release */,
			);
			defaultConfigurationIsVisible = 0;
			defaultConfigurationName = Release;
		};
		29901D7B1805529000E51789 /* Build configuration list for PBXNativeTarget "iPaper" */ = {
			isa = XCConfigurationList;
			buildConfigurations = (
				29901D7C1805529000E51789 /* Debug */,
				29901D7D1805529000E51789 /* Release */,
			);
			defaultConfigurationIsVisible = 0;
			defaultConfigurationName = Release;
		};
		29901D7E1805529000E51789 /* Build configuration list for PBXNativeTarget "iPaperTests" */ = {
			isa = XCConfigurationList;
			buildConfigurations = (
				29901D7F1805529000E51789 /* Debug */,
				29901D801805529000E51789 /* Release */,
			);
			defaultConfigurationIsVisible = 0;
			defaultConfigurationName = Release;
		};
/* End XCConfigurationList section */
	};
	rootObject = 29901D411805528F00E51789 /* Project object */;
}
